// !$*UTF8*$!
{
	archiveVersion = 1;
	classes = {
	};
	objectVersion = 50;
	objects = {

/* Begin PBXBuildFile section */
		2D2D966C2246B52600527FD1 /* VCTitle.swift in Sources */ = {isa = PBXBuildFile; fileRef = 2D2D966B2246B52600527FD1 /* VCTitle.swift */; };
		2D3B66DE224D5B6E00DDFA14 /* VCPayment.swift in Sources */ = {isa = PBXBuildFile; fileRef = 2D3B66DD224D5B6E00DDFA14 /* VCPayment.swift */; };
		2D3B66E0224E956200DDFA14 /* PaymentCell.swift in Sources */ = {isa = PBXBuildFile; fileRef = 2D3B66DF224E956200DDFA14 /* PaymentCell.swift */; };
		2D41A79921D3CEE300BFE874 /* AppDelegate.swift in Sources */ = {isa = PBXBuildFile; fileRef = 2D41A79821D3CEE300BFE874 /* AppDelegate.swift */; };
		2D41A79E21D3CEE300BFE874 /* Main.storyboard in Resources */ = {isa = PBXBuildFile; fileRef = 2D41A79C21D3CEE300BFE874 /* Main.storyboard */; };
		2D41A7A021D3CEEE00BFE874 /* Assets.xcassets in Resources */ = {isa = PBXBuildFile; fileRef = 2D41A79F21D3CEEE00BFE874 /* Assets.xcassets */; };
		2D41A7A321D3CEEE00BFE874 /* LaunchScreen.storyboard in Resources */ = {isa = PBXBuildFile; fileRef = 2D41A7A121D3CEEE00BFE874 /* LaunchScreen.storyboard */; };
		2DF1799F2231BCCC00181165 /* VCVehicleList.swift in Sources */ = {isa = PBXBuildFile; fileRef = 2DF1799E2231BCCC00181165 /* VCVehicleList.swift */; };
		2DF179A32231C1EE00181165 /* VehicleListCell.swift in Sources */ = {isa = PBXBuildFile; fileRef = 2DF179A22231C1EE00181165 /* VehicleListCell.swift */; };
		2DF179A52231C5A100181165 /* VehicleListData.swift in Sources */ = {isa = PBXBuildFile; fileRef = 2DF179A42231C5A100181165 /* VehicleListData.swift */; };
		605688092247867700075A06 /* VCSearchMaster.swift in Sources */ = {isa = PBXBuildFile; fileRef = 605688082247867700075A06 /* VCSearchMaster.swift */; };
		6056880B22478A2100075A06 /* SearchMasterData.swift in Sources */ = {isa = PBXBuildFile; fileRef = 6056880A22478A2100075A06 /* SearchMasterData.swift */; };
		6056880D22478EEF00075A06 /* SearchMasterCell.swift in Sources */ = {isa = PBXBuildFile; fileRef = 6056880C22478EEF00075A06 /* SearchMasterCell.swift */; };
/* End PBXBuildFile section */

/* Begin PBXFileReference section */
		2D2D966B2246B52600527FD1 /* VCTitle.swift */ = {isa = PBXFileReference; lastKnownFileType = sourcecode.swift; path = VCTitle.swift; sourceTree = "<group>"; };
		2D3B66DD224D5B6E00DDFA14 /* VCPayment.swift */ = {isa = PBXFileReference; fileEncoding = 4; lastKnownFileType = sourcecode.swift; name = VCPayment.swift; path = ../../../.Trash/VCPayment.swift; sourceTree = "<group>"; };
		2D3B66DF224E956200DDFA14 /* PaymentCell.swift */ = {isa = PBXFileReference; lastKnownFileType = sourcecode.swift; path = PaymentCell.swift; sourceTree = "<group>"; };
		2D41A79521D3CEE300BFE874 /* DealerPortal.app */ = {isa = PBXFileReference; explicitFileType = wrapper.application; includeInIndex = 0; path = DealerPortal.app; sourceTree = BUILT_PRODUCTS_DIR; };
		2D41A79821D3CEE300BFE874 /* AppDelegate.swift */ = {isa = PBXFileReference; lastKnownFileType = sourcecode.swift; path = AppDelegate.swift; sourceTree = "<group>"; };
		2D41A79D21D3CEE300BFE874 /* Base */ = {isa = PBXFileReference; lastKnownFileType = file.storyboard; name = Base; path = Base.lproj/Main.storyboard; sourceTree = "<group>"; };
		2D41A79F21D3CEEE00BFE874 /* Assets.xcassets */ = {isa = PBXFileReference; lastKnownFileType = folder.assetcatalog; path = Assets.xcassets; sourceTree = "<group>"; };
		2D41A7A221D3CEEE00BFE874 /* Base */ = {isa = PBXFileReference; lastKnownFileType = file.storyboard; name = Base; path = Base.lproj/LaunchScreen.storyboard; sourceTree = "<group>"; };
		2D41A7A421D3CEEE00BFE874 /* Info.plist */ = {isa = PBXFileReference; lastKnownFileType = text.plist.xml; path = Info.plist; sourceTree = "<group>"; };
		2DF1799E2231BCCC00181165 /* VCVehicleList.swift */ = {isa = PBXFileReference; lastKnownFileType = sourcecode.swift; path = VCVehicleList.swift; sourceTree = "<group>"; };
		2DF179A22231C1EE00181165 /* VehicleListCell.swift */ = {isa = PBXFileReference; lastKnownFileType = sourcecode.swift; path = VehicleListCell.swift; sourceTree = "<group>"; };
		2DF179A42231C5A100181165 /* VehicleListData.swift */ = {isa = PBXFileReference; lastKnownFileType = sourcecode.swift; path = VehicleListData.swift; sourceTree = "<group>"; };
		605688082247867700075A06 /* VCSearchMaster.swift */ = {isa = PBXFileReference; lastKnownFileType = sourcecode.swift; path = VCSearchMaster.swift; sourceTree = "<group>"; };
		6056880A22478A2100075A06 /* SearchMasterData.swift */ = {isa = PBXFileReference; lastKnownFileType = sourcecode.swift; path = SearchMasterData.swift; sourceTree = "<group>"; };
		6056880C22478EEF00075A06 /* SearchMasterCell.swift */ = {isa = PBXFileReference; lastKnownFileType = sourcecode.swift; path = SearchMasterCell.swift; sourceTree = "<group>"; };
/* End PBXFileReference section */

/* Begin PBXFrameworksBuildPhase section */
		2D41A79221D3CEE300BFE874 /* Frameworks */ = {
			isa = PBXFrameworksBuildPhase;
			buildActionMask = 2147483647;
			files = (
			);
			runOnlyForDeploymentPostprocessing = 0;
		};
/* End PBXFrameworksBuildPhase section */

/* Begin PBXGroup section */
		2D41A78C21D3CEE200BFE874 = {
			isa = PBXGroup;
			children = (
				2D41A79721D3CEE300BFE874 /* DealerPortal */,
				2D41A79621D3CEE300BFE874 /* Products */,
			);
			sourceTree = "<group>";
		};
		2D41A79621D3CEE300BFE874 /* Products */ = {
			isa = PBXGroup;
			children = (
				2D41A79521D3CEE300BFE874 /* DealerPortal.app */,
			);
			name = Products;
			sourceTree = "<group>";
		};
		2D41A79721D3CEE300BFE874 /* DealerPortal */ = {
			isa = PBXGroup;
			children = (
				2D41A79821D3CEE300BFE874 /* AppDelegate.swift */,
				2DF1799E2231BCCC00181165 /* VCVehicleList.swift */,
				2DF179A22231C1EE00181165 /* VehicleListCell.swift */,
				2DF179A42231C5A100181165 /* VehicleListData.swift */,
				2D2D966B2246B52600527FD1 /* VCTitle.swift */,
				2D41A79C21D3CEE300BFE874 /* Main.storyboard */,
				2D3B66DF224E956200DDFA14 /* PaymentCell.swift */,
				2D41A79F21D3CEEE00BFE874 /* Assets.xcassets */,
				2D41A7A121D3CEEE00BFE874 /* LaunchScreen.storyboard */,
				2D41A7A421D3CEEE00BFE874 /* Info.plist */,
				6056880A22478A2100075A06 /* SearchMasterData.swift */,
				6056880C22478EEF00075A06 /* SearchMasterCell.swift */,
				605688082247867700075A06 /* VCSearchMaster.swift */,
				2D3B66DD224D5B6E00DDFA14 /* VCPayment.swift */,
			);
			path = DealerPortal;
			sourceTree = "<group>";
		};
/* End PBXGroup section */

/* Begin PBXNativeTarget section */
		2D41A79421D3CEE300BFE874 /* DealerPortal */ = {
			isa = PBXNativeTarget;
			buildConfigurationList = 2D41A7A721D3CEEE00BFE874 /* Build configuration list for PBXNativeTarget "DealerPortal" */;
			buildPhases = (
				2D41A79121D3CEE300BFE874 /* Sources */,
				2D41A79221D3CEE300BFE874 /* Frameworks */,
				2D41A79321D3CEE300BFE874 /* Resources */,
			);
			buildRules = (
			);
			dependencies = (
			);
			name = DealerPortal;
			productName = DealerPortal;
			productReference = 2D41A79521D3CEE300BFE874 /* DealerPortal.app */;
			productType = "com.apple.product-type.application";
		};
/* End PBXNativeTarget section */

/* Begin PBXProject section */
		2D41A78D21D3CEE200BFE874 /* Project object */ = {
			isa = PBXProject;
			attributes = {
				LastSwiftUpdateCheck = 1010;
				LastUpgradeCheck = 1010;
				ORGANIZATIONNAME = "Matthew Sansoucie";
				TargetAttributes = {
					2D41A79421D3CEE300BFE874 = {
						CreatedOnToolsVersion = 10.1;
					};
				};
			};
			buildConfigurationList = 2D41A79021D3CEE200BFE874 /* Build configuration list for PBXProject "DealerPortal" */;
			compatibilityVersion = "Xcode 9.3";
			developmentRegion = en;
			hasScannedForEncodings = 0;
			knownRegions = (
				en,
				Base,
			);
			mainGroup = 2D41A78C21D3CEE200BFE874;
			productRefGroup = 2D41A79621D3CEE300BFE874 /* Products */;
			projectDirPath = "";
			projectRoot = "";
			targets = (
				2D41A79421D3CEE300BFE874 /* DealerPortal */,
			);
		};
/* End PBXProject section */

/* Begin PBXResourcesBuildPhase section */
		2D41A79321D3CEE300BFE874 /* Resources */ = {
			isa = PBXResourcesBuildPhase;
			buildActionMask = 2147483647;
			files = (
				2D41A7A321D3CEEE00BFE874 /* LaunchScreen.storyboard in Resources */,
				2D41A7A021D3CEEE00BFE874 /* Assets.xcassets in Resources */,
				2D41A79E21D3CEE300BFE874 /* Main.storyboard in Resources */,
			);
			runOnlyForDeploymentPostprocessing = 0;
		};
/* End PBXResourcesBuildPhase section */

/* Begin PBXSourcesBuildPhase section */
		2D41A79121D3CEE300BFE874 /* Sources */ = {
			isa = PBXSourcesBuildPhase;
			buildActionMask = 2147483647;
			files = (
				2D3B66E0224E956200DDFA14 /* PaymentCell.swift in Sources */,
				2DF179A52231C5A100181165 /* VehicleListData.swift in Sources */,
				6056880D22478EEF00075A06 /* SearchMasterCell.swift in Sources */,
				2DF179A32231C1EE00181165 /* VehicleListCell.swift in Sources */,
				2D3B66DE224D5B6E00DDFA14 /* VCPayment.swift in Sources */,
				2DF1799F2231BCCC00181165 /* VCVehicleList.swift in Sources */,
				2D2D966C2246B52600527FD1 /* VCTitle.swift in Sources */,
				6056880B22478A2100075A06 /* SearchMasterData.swift in Sources */,
				605688092247867700075A06 /* VCSearchMaster.swift in Sources */,
				2D41A79921D3CEE300BFE874 /* AppDelegate.swift in Sources */,
			);
			runOnlyForDeploymentPostprocessing = 0;
		};
/* End PBXSourcesBuildPhase section */

/* Begin PBXVariantGroup section */
		2D41A79C21D3CEE300BFE874 /* Main.storyboard */ = {
			isa = PBXVariantGroup;
			children = (
				2D41A79D21D3CEE300BFE874 /* Base */,
			);
			name = Main.storyboard;
			sourceTree = "<group>";
		};
		2D41A7A121D3CEEE00BFE874 /* LaunchScreen.storyboard */ = {
			isa = PBXVariantGroup;
			children = (
				2D41A7A221D3CEEE00BFE874 /* Base */,
			);
			name = LaunchScreen.storyboard;
			sourceTree = "<group>";
		};
/* End PBXVariantGroup section */

/* Begin XCBuildConfiguration section */
		2D41A7A521D3CEEE00BFE874 /* Debug */ = {
			isa = XCBuildConfiguration;
			buildSettings = {
				ALWAYS_SEARCH_USER_PATHS = NO;
				CLANG_ANALYZER_NONNULL = YES;
				CLANG_ANALYZER_NUMBER_OBJECT_CONVERSION = YES_AGGRESSIVE;
				CLANG_CXX_LANGUAGE_STANDARD = "gnu++14";
				CLANG_CXX_LIBRARY = "libc++";
				CLANG_ENABLE_MODULES = YES;
				CLANG_ENABLE_OBJC_ARC = YES;
				CLANG_ENABLE_OBJC_WEAK = YES;
				CLANG_WARN_BLOCK_CAPTURE_AUTORELEASING = YES;
				CLANG_WARN_BOOL_CONVERSION = YES;
				CLANG_WARN_COMMA = YES;
				CLANG_WARN_CONSTANT_CONVERSION = YES;
				CLANG_WARN_DEPRECATED_OBJC_IMPLEMENTATIONS = YES;
				CLANG_WARN_DIRECT_OBJC_ISA_USAGE = YES_ERROR;
				CLANG_WARN_DOCUMENTATION_COMMENTS = YES;
				CLANG_WARN_EMPTY_BODY = YES;
				CLANG_WARN_ENUM_CONVERSION = YES;
				CLANG_WARN_INFINITE_RECURSION = YES;
				CLANG_WARN_INT_CONVERSION = YES;
				CLANG_WARN_NON_LITERAL_NULL_CONVERSION = YES;
				CLANG_WARN_OBJC_IMPLICIT_RETAIN_SELF = YES;
				CLANG_WARN_OBJC_LITERAL_CONVERSION = YES;
				CLANG_WARN_OBJC_ROOT_CLASS = YES_ERROR;
				CLANG_WARN_RANGE_LOOP_ANALYSIS = YES;
				CLANG_WARN_STRICT_PROTOTYPES = YES;
				CLANG_WARN_SUSPICIOUS_MOVE = YES;
				CLANG_WARN_UNGUARDED_AVAILABILITY = YES_AGGRESSIVE;
				CLANG_WARN_UNREACHABLE_CODE = YES;
				CLANG_WARN__DUPLICATE_METHOD_MATCH = YES;
				CODE_SIGN_IDENTITY = "iPhone Developer";
				COPY_PHASE_STRIP = NO;
				DEBUG_INFORMATION_FORMAT = dwarf;
				ENABLE_STRICT_OBJC_MSGSEND = YES;
				ENABLE_TESTABILITY = YES;
				GCC_C_LANGUAGE_STANDARD = gnu11;
				GCC_DYNAMIC_NO_PIC = NO;
				GCC_NO_COMMON_BLOCKS = YES;
				GCC_OPTIMIZATION_LEVEL = 0;
				GCC_PREPROCESSOR_DEFINITIONS = (
					"DEBUG=1",
					"$(inherited)",
				);
				GCC_WARN_64_TO_32_BIT_CONVERSION = YES;
				GCC_WARN_ABOUT_RETURN_TYPE = YES_ERROR;
				GCC_WARN_UNDECLARED_SELECTOR = YES;
				GCC_WARN_UNINITIALIZED_AUTOS = YES_AGGRESSIVE;
				GCC_WARN_UNUSED_FUNCTION = YES;
				GCC_WARN_UNUSED_VARIABLE = YES;
				IPHONEOS_DEPLOYMENT_TARGET = 12.1;
				MTL_ENABLE_DEBUG_INFO = INCLUDE_SOURCE;
				MTL_FAST_MATH = YES;
				ONLY_ACTIVE_ARCH = YES;
				SDKROOT = iphoneos;
				SWIFT_ACTIVE_COMPILATION_CONDITIONS = DEBUG;
				SWIFT_OPTIMIZATION_LEVEL = "-Onone";
			};
			name = Debug;
		};
		2D41A7A621D3CEEE00BFE874 /* Release */ = {
			isa = XCBuildConfiguration;
			buildSettings = {
				ALWAYS_SEARCH_USER_PATHS = NO;
				CLANG_ANALYZER_NONNULL = YES;
				CLANG_ANALYZER_NUMBER_OBJECT_CONVERSION = YES_AGGRESSIVE;
				CLANG_CXX_LANGUAGE_STANDARD = "gnu++14";
				CLANG_CXX_LIBRARY = "libc++";
				CLANG_ENABLE_MODULES = YES;
				CLANG_ENABLE_OBJC_ARC = YES;
				CLANG_ENABLE_OBJC_WEAK = YES;
				CLANG_WARN_BLOCK_CAPTURE_AUTORELEASING = YES;
				CLANG_WARN_BOOL_CONVERSION = YES;
				CLANG_WARN_COMMA = YES;
				CLANG_WARN_CONSTANT_CONVERSION = YES;
				CLANG_WARN_DEPRECATED_OBJC_IMPLEMENTATIONS = YES;
				CLANG_WARN_DIRECT_OBJC_ISA_USAGE = YES_ERROR;
				CLANG_WARN_DOCUMENTATION_COMMENTS = YES;
				CLANG_WARN_EMPTY_BODY = YES;
				CLANG_WARN_ENUM_CONVERSION = YES;
				CLANG_WARN_INFINITE_RECURSION = YES;
				CLANG_WARN_INT_CONVERSION = YES;
				CLANG_WARN_NON_LITERAL_NULL_CONVERSION = YES;
				CLANG_WARN_OBJC_IMPLICIT_RETAIN_SELF = YES;
				CLANG_WARN_OBJC_LITERAL_CONVERSION = YES;
				CLANG_WARN_OBJC_ROOT_CLASS = YES_ERROR;
				CLANG_WARN_RANGE_LOOP_ANALYSIS = YES;
				CLANG_WARN_STRICT_PROTOTYPES = YES;
				CLANG_WARN_SUSPICIOUS_MOVE = YES;
				CLANG_WARN_UNGUARDED_AVAILABILITY = YES_AGGRESSIVE;
				CLANG_WARN_UNREACHABLE_CODE = YES;
				CLANG_WARN__DUPLICATE_METHOD_MATCH = YES;
				CODE_SIGN_IDENTITY = "iPhone Developer";
				COPY_PHASE_STRIP = NO;
				DEBUG_INFORMATION_FORMAT = "dwarf-with-dsym";
				ENABLE_NS_ASSERTIONS = NO;
				ENABLE_STRICT_OBJC_MSGSEND = YES;
				GCC_C_LANGUAGE_STANDARD = gnu11;
				GCC_NO_COMMON_BLOCKS = YES;
				GCC_WARN_64_TO_32_BIT_CONVERSION = YES;
				GCC_WARN_ABOUT_RETURN_TYPE = YES_ERROR;
				GCC_WARN_UNDECLARED_SELECTOR = YES;
				GCC_WARN_UNINITIALIZED_AUTOS = YES_AGGRESSIVE;
				GCC_WARN_UNUSED_FUNCTION = YES;
				GCC_WARN_UNUSED_VARIABLE = YES;
				IPHONEOS_DEPLOYMENT_TARGET = 12.1;
				MTL_ENABLE_DEBUG_INFO = NO;
				MTL_FAST_MATH = YES;
				SDKROOT = iphoneos;
				SWIFT_COMPILATION_MODE = wholemodule;
				SWIFT_OPTIMIZATION_LEVEL = "-O";
				VALIDATE_PRODUCT = YES;
			};
			name = Release;
		};
		2D41A7A821D3CEEE00BFE874 /* Debug */ = {
			isa = XCBuildConfiguration;
			buildSettings = {
				ASSETCATALOG_COMPILER_APPICON_NAME = AppIcon;
				CODE_SIGN_STYLE = Automatic;
				DEVELOPMENT_TEAM = 79QR2B78MA;
				INFOPLIST_FILE = DealerPortal/Info.plist;
				LD_RUNPATH_SEARCH_PATHS = (
					"$(inherited)",
					"@executable_path/Frameworks",
				);
				PRODUCT_BUNDLE_IDENTIFIER = matt.DealerPortal;
				PRODUCT_NAME = "$(TARGET_NAME)";
				SWIFT_VERSION = 4.2;
				TARGETED_DEVICE_FAMILY = "1,2";
			};
			name = Debug;
		};
		2D41A7A921D3CEEE00BFE874 /* Release */ = {
			isa = XCBuildConfiguration;
			buildSettings = {
				ASSETCATALOG_COMPILER_APPICON_NAME = AppIcon;
				CODE_SIGN_STYLE = Automatic;
				DEVELOPMENT_TEAM = 79QR2B78MA;
				INFOPLIST_FILE = DealerPortal/Info.plist;
				LD_RUNPATH_SEARCH_PATHS = (
					"$(inherited)",
					"@executable_path/Frameworks",
				);
				PRODUCT_BUNDLE_IDENTIFIER = matt.DealerPortal;
				PRODUCT_NAME = "$(TARGET_NAME)";
				SWIFT_VERSION = 4.2;
				TARGETED_DEVICE_FAMILY = "1,2";
			};
			name = Release;
		};
/* End XCBuildConfiguration section */

/* Begin XCConfigurationList section */
		2D41A79021D3CEE200BFE874 /* Build configuration list for PBXProject "DealerPortal" */ = {
			isa = XCConfigurationList;
			buildConfigurations = (
				2D41A7A521D3CEEE00BFE874 /* Debug */,
				2D41A7A621D3CEEE00BFE874 /* Release */,
			);
			defaultConfigurationIsVisible = 0;
			defaultConfigurationName = Release;
		};
		2D41A7A721D3CEEE00BFE874 /* Build configuration list for PBXNativeTarget "DealerPortal" */ = {
			isa = XCConfigurationList;
			buildConfigurations = (
				2D41A7A821D3CEEE00BFE874 /* Debug */,
				2D41A7A921D3CEEE00BFE874 /* Release */,
			);
			defaultConfigurationIsVisible = 0;
			defaultConfigurationName = Release;
		};
/* End XCConfigurationList section */
	};
	rootObject = 2D41A78D21D3CEE200BFE874 /* Project object */;
}
